
Microsoft Visual Studio Solution File, Format Version 12.00
# Visual Studio 15
VisualStudioVersion = 15.0.27428.2043
MinimumVisualStudioVersion = 10.0.40219.1
Project("{FAE04EC0-301F-11D3-BF4B-00C04F79EFBC}") = "ClassProject", "ClassProject\ClassProject.csproj", "{28396E23-E4CC-4A9D-83C5-41C4C1577A15}"
EndProject
Project("{FAE04EC0-301F-11D3-BF4B-00C04F79EFBC}") = "MVC.Connecntion", "MVC.Connecntion\MVC.Connecntion.csproj", "{D548E6DC-CB38-4CE3-906E-88C02E4FFE63}"
EndProject
Global
	GlobalSection(SolutionConfigurationPlatforms) = preSolution
		Debug|Any CPU = Debug|Any CPU
		Release|Any CPU = Release|Any CPU
	EndGlobalSection
	GlobalSection(ProjectConfigurationPlatforms) = postSolution
		{28396E23-E4CC-4A9D-83C5-41C4C1577A15}.Debug|Any CPU.ActiveCfg = Debug|Any CPU
		{28396E23-E4CC-4A9D-83C5-41C4C1577A15}.Debug|Any CPU.Build.0 = Debug|Any CPU
		{28396E23-E4CC-4A9D-83C5-41C4C1577A15}.Release|Any CPU.ActiveCfg = Release|Any CPU
		{28396E23-E4CC-4A9D-83C5-41C4C1577A15}.Release|Any CPU.Build.0 = Release|Any CPU
		{D548E6DC-CB38-4CE3-906E-88C02E4FFE63}.Debug|Any CPU.ActiveCfg = Debug|Any CPU
		{D548E6DC-CB38-4CE3-906E-88C02E4FFE63}.Debug|Any CPU.Build.0 = Debug|Any CPU
		{D548E6DC-CB38-4CE3-906E-88C02E4FFE63}.Release|Any CPU.ActiveCfg = Release|Any CPU
		{D548E6DC-CB38-4CE3-906E-88C02E4FFE63}.Release|Any CPU.Build.0 = Release|Any CPU
	EndGlobalSection
	GlobalSection(SolutionProperties) = preSolution
		HideSolutionNode = FALSE
	EndGlobalSection
	GlobalSection(ExtensibilityGlobals) = postSolution
		SolutionGuid = {5E23B89F-02AB-4C1C-A270-9917DAC471A7}
	EndGlobalSection
EndGlobal
